// !$*UTF8*$!
{
	archiveVersion = 1;
	classes = {
	};
	objectVersion = 56;
	objects = {

/* Begin PBXBuildFile section */
		0BFB72C145A16C5B8FA4546B /* NewSubscriptionSheet.swift in Sources */ = {isa = PBXBuildFile; fileRef = 8D20D865BECDAA954E473D69 /* NewSubscriptionSheet.swift */; };
		13A008AC2F1B8BB0007BC82E /* SubTracker.storekit in Resources */ = {isa = PBXBuildFile; fileRef = 13A008AB2F1B8BB0007BC82E /* SubTracker.storekit */; };
		187A100ECBB5DA4289FFE99A /* SubscriptionRow.swift in Sources */ = {isa = PBXBuildFile; fileRef = C227FD3BABBE7F79E9FFD0F4 /* SubscriptionRow.swift */; };
		1E007FC92529F48C5983C589 /* YearlyBreakdownView.swift in Sources */ = {isa = PBXBuildFile; fileRef = F4FC37CBA95C54BFBDCF1C06 /* YearlyBreakdownView.swift */; };
		307452C6351FBC1FE98F5E65 /* NotificationScheduler.swift in Sources */ = {isa = PBXBuildFile; fileRef = 445B53E1F22002DFB94473CA /* NotificationScheduler.swift */; };
		34AC03BD61A7062EB58C2A67 /* AuthViewModel.swift in Sources */ = {isa = PBXBuildFile; fileRef = E7C67D445D0983F129FAF2E0 /* AuthViewModel.swift */; };
		44B6C3AAB2B46FB3FAEF09CB /* SettingsView.swift in Sources */ = {isa = PBXBuildFile; fileRef = 6615FD0F3ED6D33E4E147268 /* SettingsView.swift */; };
		47D4552F00FCC53CBB77BDA0 /* SubscriptionListView.swift in Sources */ = {isa = PBXBuildFile; fileRef = 96D84AA213FA9D28A176E5F8 /* SubscriptionListView.swift */; };
		65A15D1896A38EFF7292795A /* SignInGateView.swift in Sources */ = {isa = PBXBuildFile; fileRef = E21D7EEE34B68E6655DA08C1 /* SignInGateView.swift */; };
		79BCAA1C690612504BED2B9E /* SubscriptionDetailView.swift in Sources */ = {isa = PBXBuildFile; fileRef = 0D4AB35EC155CE3FD1BD8880 /* SubscriptionDetailView.swift */; };
		7E3B3F5F2A9A5E5A00DCCAB1 /* SubTrackerApp.swift in Sources */ = {isa = PBXBuildFile; fileRef = 7E3B3F5F2A9A5E5A00DCCA09 /* SubTrackerApp.swift */; };
		7E3B3F5F2A9A5E5A00DCCAB2 /* ContentView.swift in Sources */ = {isa = PBXBuildFile; fileRef = 7E3B3F5F2A9A5E5A00DCCA08 /* ContentView.swift */; };
		7E3B3F5F2A9A5E5A00DCCAB3 /* Assets.xcassets in Resources */ = {isa = PBXBuildFile; fileRef = 7E3B3F5F2A9A5E5A00DCCA04 /* Assets.xcassets */; };
		7E3B3F5F2A9A5E5A00DCCAB4 /* Preview Assets.xcassets in Resources */ = {isa = PBXBuildFile; fileRef = 7E3B3F5F2A9A5E5A00DCCA0A /* Preview Assets.xcassets */; };
		AF721B637A16253777EC787C /* SummaryView.swift in Sources */ = {isa = PBXBuildFile; fileRef = 4181CB8A354F904BC467D056 /* SummaryView.swift */; };
		BEF6A6AB2CFECC0B0030A1C1 /* SubscriptionEntity+CoreDataClass.swift in Sources */ = {isa = PBXBuildFile; fileRef = BEF6A6A82CFECC0B0030A1C1 /* SubscriptionEntity+CoreDataClass.swift */; };
		BEF6A6AC2CFECC0B0030A1C1 /* SubscriptionEntity+CoreDataProperties.swift in Sources */ = {isa = PBXBuildFile; fileRef = BEF6A6A92CFECC0B0030A1C1 /* SubscriptionEntity+CoreDataProperties.swift */; };
		BEF6A6AD2CFECC0B0030A1C1 /* SubTracker.xcdatamodeld in Resources */ = {isa = PBXBuildFile; fileRef = BEF6A6AA2CFECC0B0030A1C1 /* SubTracker.xcdatamodeld */; };
		CATREP0RT0001A2B3C4D5E6F /* CategoryReportsView.swift in Sources */ = {isa = PBXBuildFile; fileRef = CATREP0RT0002A2B3C4D5E6F /* CategoryReportsView.swift */; };
		CURR3NCY0001A2B3C4D5E6F7 /* CurrencyConverter.swift in Sources */ = {isa = PBXBuildFile; fileRef = CURR3NCY0002A2B3C4D5E6F7 /* CurrencyConverter.swift */; };
		D373E4DCEC218486C12CA3BE /* SubscriptionModels.swift in Sources */ = {isa = PBXBuildFile; fileRef = C3584CF723E1FCBBBBACF317 /* SubscriptionModels.swift */; };
		D65F1A031213ABB54BF1F7EF /* SubscriptionStore.swift in Sources */ = {isa = PBXBuildFile; fileRef = 77B62ABA3B291540C9453C76 /* SubscriptionStore.swift */; };
		FB2F480BD9E234F482A175FD /* FormattingHelpers.swift in Sources */ = {isa = PBXBuildFile; fileRef = 41E83CD197059B6F47B5C7BC /* FormattingHelpers.swift */; };
		APPCONST0001A2B3C4D5E6F7 /* AppConstants.swift in Sources */ = {isa = PBXBuildFile; fileRef = APPCONST0002A2B3C4D5E6F7 /* AppConstants.swift */; };
		PR0MNGR0001A2B3C4D5E6F7G /* ProManager.swift in Sources */ = {isa = PBXBuildFile; fileRef = PR0MNGR0002A2B3C4D5E6F7G /* ProManager.swift */; };
		SP0T1IGHT2D2F3G4H5I6J7K8 /* SpotlightManager.swift in Sources */ = {isa = PBXBuildFile; fileRef = SP0T1IGHT1A2B3C4D5E6F7G8H /* SpotlightManager.swift */; };
		ST0REMGR0001A2B3C4D5E6F7 /* StoreManager.swift in Sources */ = {isa = PBXBuildFile; fileRef = ST0REMGR0002A2B3C4D5E6F7 /* StoreManager.swift */; };
		W1DG3T0001A2B3C4D5E6F7G8 /* WidgetDataManager.swift in Sources */ = {isa = PBXBuildFile; fileRef = W1DG3T0002A2B3C4D5E6F7G8 /* WidgetDataManager.swift */; };
		W1DG3T0003A2B3C4D5E6F7G8 /* SubTrackerWidget.swift in Sources */ = {isa = PBXBuildFile; fileRef = W1DG3T0004A2B3C4D5E6F7G8 /* SubTrackerWidget.swift */; };
		W1DG3T0005A2B3C4D5E6F7G8 /* WidgetDataManager.swift in Sources */ = {isa = PBXBuildFile; fileRef = W1DG3T0002A2B3C4D5E6F7G8 /* WidgetDataManager.swift */; };
		W1DG3T0006A2B3C4D5E6F7G8 /* SubTrackerWidgetExtension.appex in Embed Foundation Extensions */ = {isa = PBXBuildFile; fileRef = W1DG3T0007A2B3C4D5E6F7G8 /* SubTrackerWidgetExtension.appex */; settings = {ATTRIBUTES = (RemoveHeadersOnCopy, ); }; };
/* End PBXBuildFile section */

/* Begin PBXContainerItemProxy section */
		W1DG3T0008A2B3C4D5E6F7G8 /* PBXContainerItemProxy */ = {
			isa = PBXContainerItemProxy;
			containerPortal = 7E3B3F5F2A9A5E5A00DCCA00 /* Project object */;
			proxyType = 1;
			remoteGlobalIDString = W1DG3T0009A2B3C4D5E6F7G8;
			remoteInfo = SubTrackerWidgetExtension;
		};
/* End PBXContainerItemProxy section */

/* Begin PBXCopyFilesBuildPhase section */
		W1DG3T0010A2B3C4D5E6F7G8 /* Embed Foundation Extensions */ = {
			isa = PBXCopyFilesBuildPhase;
			buildActionMask = 2147483647;
			dstPath = "";
			dstSubfolderSpec = 13;
			files = (
				W1DG3T0006A2B3C4D5E6F7G8 /* SubTrackerWidgetExtension.appex in Embed Foundation Extensions */,
			);
			name = "Embed Foundation Extensions";
			runOnlyForDeploymentPostprocessing = 0;
		};
/* End PBXCopyFilesBuildPhase section */

/* Begin PBXFileReference section */
		0D4AB35EC155CE3FD1BD8880 /* SubscriptionDetailView.swift */ = {isa = PBXFileReference; lastKnownFileType = sourcecode.swift; path = SubscriptionDetailView.swift; sourceTree = "<group>"; };
		1312D35C2EEEE6640075B3CC /* SubTracker.entitlements */ = {isa = PBXFileReference; lastKnownFileType = text.plist.entitlements; path = SubTracker.entitlements; sourceTree = "<group>"; };
		13A008AB2F1B8BB0007BC82E /* SubTracker.storekit */ = {isa = PBXFileReference; lastKnownFileType = text; path = SubTracker.storekit; sourceTree = "<group>"; };
		4181CB8A354F904BC467D056 /* SummaryView.swift */ = {isa = PBXFileReference; lastKnownFileType = sourcecode.swift; path = SummaryView.swift; sourceTree = "<group>"; };
		41E83CD197059B6F47B5C7BC /* FormattingHelpers.swift */ = {isa = PBXFileReference; lastKnownFileType = sourcecode.swift; path = FormattingHelpers.swift; sourceTree = "<group>"; };
		APPCONST0002A2B3C4D5E6F7 /* AppConstants.swift */ = {isa = PBXFileReference; lastKnownFileType = sourcecode.swift; path = AppConstants.swift; sourceTree = "<group>"; };
		445B53E1F22002DFB94473CA /* NotificationScheduler.swift */ = {isa = PBXFileReference; lastKnownFileType = sourcecode.swift; path = NotificationScheduler.swift; sourceTree = "<group>"; };
		6615FD0F3ED6D33E4E147268 /* SettingsView.swift */ = {isa = PBXFileReference; lastKnownFileType = sourcecode.swift; path = SettingsView.swift; sourceTree = "<group>"; };
		77B62ABA3B291540C9453C76 /* SubscriptionStore.swift */ = {isa = PBXFileReference; lastKnownFileType = sourcecode.swift; path = SubscriptionStore.swift; sourceTree = "<group>"; };
		7E3B3F5F2A9A5E5A00DCCA04 /* Assets.xcassets */ = {isa = PBXFileReference; lastKnownFileType = folder.assetcatalog; path = Assets.xcassets; sourceTree = "<group>"; };
		7E3B3F5F2A9A5E5A00DCCA06 /* Info.plist */ = {isa = PBXFileReference; lastKnownFileType = text.plist.xml; path = Info.plist; sourceTree = "<group>"; };
		7E3B3F5F2A9A5E5A00DCCA08 /* ContentView.swift */ = {isa = PBXFileReference; lastKnownFileType = sourcecode.swift; path = ContentView.swift; sourceTree = "<group>"; };
		7E3B3F5F2A9A5E5A00DCCA09 /* SubTrackerApp.swift */ = {isa = PBXFileReference; lastKnownFileType = sourcecode.swift; path = SubTrackerApp.swift; sourceTree = "<group>"; };
		7E3B3F5F2A9A5E5A00DCCA0A /* Preview Assets.xcassets */ = {isa = PBXFileReference; lastKnownFileType = folder.assetcatalog; path = "Preview Assets.xcassets"; sourceTree = "<group>"; };
		7E3B3F5F2A9A5E5A00DCCA20 /* SubTracker.app */ = {isa = PBXFileReference; explicitFileType = wrapper.application; includeInIndex = 0; path = SubTracker.app; sourceTree = BUILT_PRODUCTS_DIR; };
		8D20D865BECDAA954E473D69 /* NewSubscriptionSheet.swift */ = {isa = PBXFileReference; lastKnownFileType = sourcecode.swift; path = NewSubscriptionSheet.swift; sourceTree = "<group>"; };
		96D84AA213FA9D28A176E5F8 /* SubscriptionListView.swift */ = {isa = PBXFileReference; lastKnownFileType = sourcecode.swift; path = SubscriptionListView.swift; sourceTree = "<group>"; };
		BEF6A6A82CFECC0B0030A1C1 /* SubscriptionEntity+CoreDataClass.swift */ = {isa = PBXFileReference; lastKnownFileType = sourcecode.swift; path = "SubscriptionEntity+CoreDataClass.swift"; sourceTree = "<group>"; };
		BEF6A6A92CFECC0B0030A1C1 /* SubscriptionEntity+CoreDataProperties.swift */ = {isa = PBXFileReference; lastKnownFileType = sourcecode.swift; path = "SubscriptionEntity+CoreDataProperties.swift"; sourceTree = "<group>"; };
		BEF6A6AA2CFECC0B0030A1C1 /* SubTracker.xcdatamodeld */ = {isa = PBXFileReference; lastKnownFileType = wrapper.xcdatamodeld; path = SubTracker.xcdatamodeld; sourceTree = "<group>"; };
		C227FD3BABBE7F79E9FFD0F4 /* SubscriptionRow.swift */ = {isa = PBXFileReference; lastKnownFileType = sourcecode.swift; path = SubscriptionRow.swift; sourceTree = "<group>"; };
		C3584CF723E1FCBBBBACF317 /* SubscriptionModels.swift */ = {isa = PBXFileReference; lastKnownFileType = sourcecode.swift; path = SubscriptionModels.swift; sourceTree = "<group>"; };
		CATREP0RT0002A2B3C4D5E6F /* CategoryReportsView.swift */ = {isa = PBXFileReference; lastKnownFileType = sourcecode.swift; path = CategoryReportsView.swift; sourceTree = "<group>"; };
		CURR3NCY0002A2B3C4D5E6F7 /* CurrencyConverter.swift */ = {isa = PBXFileReference; lastKnownFileType = sourcecode.swift; path = CurrencyConverter.swift; sourceTree = "<group>"; };
		E21D7EEE34B68E6655DA08C1 /* SignInGateView.swift */ = {isa = PBXFileReference; lastKnownFileType = sourcecode.swift; path = SignInGateView.swift; sourceTree = "<group>"; };
		E7C67D445D0983F129FAF2E0 /* AuthViewModel.swift */ = {isa = PBXFileReference; lastKnownFileType = sourcecode.swift; path = AuthViewModel.swift; sourceTree = "<group>"; };
		F4FC37CBA95C54BFBDCF1C06 /* YearlyBreakdownView.swift */ = {isa = PBXFileReference; lastKnownFileType = sourcecode.swift; path = YearlyBreakdownView.swift; sourceTree = "<group>"; };
		PR0MNGR0002A2B3C4D5E6F7G /* ProManager.swift */ = {isa = PBXFileReference; lastKnownFileType = sourcecode.swift; path = ProManager.swift; sourceTree = "<group>"; };
		SP0T1IGHT1A2B3C4D5E6F7G8H /* SpotlightManager.swift */ = {isa = PBXFileReference; lastKnownFileType = sourcecode.swift; path = SpotlightManager.swift; sourceTree = "<group>"; };
		ST0REMGR0002A2B3C4D5E6F7 /* StoreManager.swift */ = {isa = PBXFileReference; lastKnownFileType = sourcecode.swift; path = StoreManager.swift; sourceTree = "<group>"; };
		W1DG3T0002A2B3C4D5E6F7G8 /* WidgetDataManager.swift */ = {isa = PBXFileReference; lastKnownFileType = sourcecode.swift; path = WidgetDataManager.swift; sourceTree = "<group>"; };
		W1DG3T0004A2B3C4D5E6F7G8 /* SubTrackerWidget.swift */ = {isa = PBXFileReference; lastKnownFileType = sourcecode.swift; path = SubTrackerWidget.swift; sourceTree = "<group>"; };
		W1DG3T0007A2B3C4D5E6F7G8 /* SubTrackerWidgetExtension.appex */ = {isa = PBXFileReference; explicitFileType = "wrapper.app-extension"; includeInIndex = 0; path = SubTrackerWidgetExtension.appex; sourceTree = BUILT_PRODUCTS_DIR; };
		W1DG3T0011A2B3C4D5E6F7G8 /* Info.plist */ = {isa = PBXFileReference; lastKnownFileType = text.plist.xml; path = Info.plist; sourceTree = "<group>"; };
		W1DG3T0012A2B3C4D5E6F7G8 /* SubTrackerWidget.entitlements */ = {isa = PBXFileReference; lastKnownFileType = text.plist.entitlements; path = SubTrackerWidget.entitlements; sourceTree = "<group>"; };
/* End PBXFileReference section */

/* Begin PBXFrameworksBuildPhase section */
		7E3B3F5F2A9A5E5A00DCCA11 /* Frameworks */ = {
			isa = PBXFrameworksBuildPhase;
			buildActionMask = 2147483647;
			files = (
			);
			runOnlyForDeploymentPostprocessing = 0;
		};
		W1DG3T0013A2B3C4D5E6F7G8 /* Frameworks */ = {
			isa = PBXFrameworksBuildPhase;
			buildActionMask = 2147483647;
			files = (
			);
			runOnlyForDeploymentPostprocessing = 0;
		};
/* End PBXFrameworksBuildPhase section */

/* Begin PBXGroup section */
		7E3B3F5F2A9A5E5A00DCCA01 = {
			isa = PBXGroup;
			children = (
				7E3B3F5F2A9A5E5A00DCCA03 /* SubTracker */,
				W1DG3T0014A2B3C4D5E6F7G8 /* SubTrackerWidget */,
				W1DG3T0015A2B3C4D5E6F7G8 /* Shared */,
				7E3B3F5F2A9A5E5A00DCCA02 /* Products */,
			);
			sourceTree = "<group>";
		};
		7E3B3F5F2A9A5E5A00DCCA02 /* Products */ = {
			isa = PBXGroup;
			children = (
				7E3B3F5F2A9A5E5A00DCCA20 /* SubTracker.app */,
				W1DG3T0007A2B3C4D5E6F7G8 /* SubTrackerWidgetExtension.appex */,
			);
			name = Products;
			sourceTree = "<group>";
		};
		7E3B3F5F2A9A5E5A00DCCA03 /* SubTracker */ = {
			isa = PBXGroup;
			children = (
				1312D35C2EEEE6640075B3CC /* SubTracker.entitlements */,
				7E3B3F5F2A9A5E5A00DCCA09 /* SubTrackerApp.swift */,
				7E3B3F5F2A9A5E5A00DCCA08 /* ContentView.swift */,
				E7C67D445D0983F129FAF2E0 /* AuthViewModel.swift */,
				C3584CF723E1FCBBBBACF317 /* SubscriptionModels.swift */,
				41E83CD197059B6F47B5C7BC /* FormattingHelpers.swift */,
				APPCONST0002A2B3C4D5E6F7 /* AppConstants.swift */,
				C227FD3BABBE7F79E9FFD0F4 /* SubscriptionRow.swift */,
				445B53E1F22002DFB94473CA /* NotificationScheduler.swift */,
				77B62ABA3B291540C9453C76 /* SubscriptionStore.swift */,
				SP0T1IGHT1A2B3C4D5E6F7G8H /* SpotlightManager.swift */,
				4181CB8A354F904BC467D056 /* SummaryView.swift */,
				13A008AB2F1B8BB0007BC82E /* SubTracker.storekit */,
				96D84AA213FA9D28A176E5F8 /* SubscriptionListView.swift */,
				0D4AB35EC155CE3FD1BD8880 /* SubscriptionDetailView.swift */,
				8D20D865BECDAA954E473D69 /* NewSubscriptionSheet.swift */,
				E21D7EEE34B68E6655DA08C1 /* SignInGateView.swift */,
				6615FD0F3ED6D33E4E147268 /* SettingsView.swift */,
				F4FC37CBA95C54BFBDCF1C06 /* YearlyBreakdownView.swift */,
				CURR3NCY0002A2B3C4D5E6F7 /* CurrencyConverter.swift */,
				PR0MNGR0002A2B3C4D5E6F7G /* ProManager.swift */,
				ST0REMGR0002A2B3C4D5E6F7 /* StoreManager.swift */,
				CATREP0RT0002A2B3C4D5E6F /* CategoryReportsView.swift */,
				BEF6A6A82CFECC0B0030A1C1 /* SubscriptionEntity+CoreDataClass.swift */,
				BEF6A6A92CFECC0B0030A1C1 /* SubscriptionEntity+CoreDataProperties.swift */,
				BEF6A6AA2CFECC0B0030A1C1 /* SubTracker.xcdatamodeld */,
				7E3B3F5F2A9A5E5A00DCCA04 /* Assets.xcassets */,
				7E3B3F5F2A9A5E5A00DCCA0B /* Preview Content */,
				7E3B3F5F2A9A5E5A00DCCA06 /* Info.plist */,
			);
			path = SubTracker;
			sourceTree = "<group>";
		};
		7E3B3F5F2A9A5E5A00DCCA0B /* Preview Content */ = {
			isa = PBXGroup;
			children = (
				7E3B3F5F2A9A5E5A00DCCA0A /* Preview Assets.xcassets */,
			);
			path = "Preview Content";
			sourceTree = "<group>";
		};
		W1DG3T0014A2B3C4D5E6F7G8 /* SubTrackerWidget */ = {
			isa = PBXGroup;
			children = (
				W1DG3T0012A2B3C4D5E6F7G8 /* SubTrackerWidget.entitlements */,
				W1DG3T0004A2B3C4D5E6F7G8 /* SubTrackerWidget.swift */,
				W1DG3T0011A2B3C4D5E6F7G8 /* Info.plist */,
			);
			path = SubTrackerWidget;
			sourceTree = "<group>";
		};
		W1DG3T0015A2B3C4D5E6F7G8 /* Shared */ = {
			isa = PBXGroup;
			children = (
				W1DG3T0002A2B3C4D5E6F7G8 /* WidgetDataManager.swift */,
			);
			path = Shared;
			sourceTree = "<group>";
		};
/* End PBXGroup section */

/* Begin PBXNativeTarget section */
		7E3B3F5F2A9A5E5A00DCCA13 /* SubTracker */ = {
			isa = PBXNativeTarget;
			buildConfigurationList = 7E3B3F5F2A9A5E5A00DCCA16 /* Build configuration list for PBXNativeTarget "SubTracker" */;
			buildPhases = (
				7E3B3F5F2A9A5E5A00DCCA10 /* Sources */,
				7E3B3F5F2A9A5E5A00DCCA11 /* Frameworks */,
				7E3B3F5F2A9A5E5A00DCCA12 /* Resources */,
				W1DG3T0010A2B3C4D5E6F7G8 /* Embed Foundation Extensions */,
			);
			buildRules = (
			);
			dependencies = (
				W1DG3T0016A2B3C4D5E6F7G8 /* PBXTargetDependency */,
			);
			name = SubTracker;
			productName = SubTracker;
			productReference = 7E3B3F5F2A9A5E5A00DCCA20 /* SubTracker.app */;
			productType = "com.apple.product-type.application";
		};
		W1DG3T0009A2B3C4D5E6F7G8 /* SubTrackerWidgetExtension */ = {
			isa = PBXNativeTarget;
			buildConfigurationList = W1DG3T0017A2B3C4D5E6F7G8 /* Build configuration list for PBXNativeTarget "SubTrackerWidgetExtension" */;
			buildPhases = (
				W1DG3T0018A2B3C4D5E6F7G8 /* Sources */,
				W1DG3T0013A2B3C4D5E6F7G8 /* Frameworks */,
				W1DG3T0019A2B3C4D5E6F7G8 /* Resources */,
			);
			buildRules = (
			);
			dependencies = (
			);
			name = SubTrackerWidgetExtension;
			productName = SubTrackerWidgetExtension;
			productReference = W1DG3T0007A2B3C4D5E6F7G8 /* SubTrackerWidgetExtension.appex */;
			productType = "com.apple.product-type.app-extension";
		};
/* End PBXNativeTarget section */

/* Begin PBXProject section */
		7E3B3F5F2A9A5E5A00DCCA00 /* Project object */ = {
			isa = PBXProject;
			attributes = {
				BuildIndependentTargetsInParallel = YES;
				LastSwiftUpdateCheck = 1500;
				LastUpgradeCheck = 1500;
				TargetAttributes = {
					7E3B3F5F2A9A5E5A00DCCA13 = {
						ProvisioningStyle = Automatic;
					};
					W1DG3T0009A2B3C4D5E6F7G8 = {
						ProvisioningStyle = Automatic;
					};
				};
			};
			buildConfigurationList = 7E3B3F5F2A9A5E5A00DCCA19 /* Build configuration list for PBXProject "SubTracker" */;
			compatibilityVersion = "Xcode 14.0";
			developmentRegion = en;
			hasScannedForEncodings = 0;
			knownRegions = (
				en,
				Base,
			);
			mainGroup = 7E3B3F5F2A9A5E5A00DCCA01;
			productRefGroup = 7E3B3F5F2A9A5E5A00DCCA02 /* Products */;
			projectDirPath = "";
			projectRoot = "";
			targets = (
				7E3B3F5F2A9A5E5A00DCCA13 /* SubTracker */,
				W1DG3T0009A2B3C4D5E6F7G8 /* SubTrackerWidgetExtension */,
			);
		};
/* End PBXProject section */

/* Begin PBXResourcesBuildPhase section */
		7E3B3F5F2A9A5E5A00DCCA12 /* Resources */ = {
			isa = PBXResourcesBuildPhase;
			buildActionMask = 2147483647;
			files = (
				13A008AC2F1B8BB0007BC82E /* SubTracker.storekit in Resources */,
				7E3B3F5F2A9A5E5A00DCCAB3 /* Assets.xcassets in Resources */,
				7E3B3F5F2A9A5E5A00DCCAB4 /* Preview Assets.xcassets in Resources */,
				BEF6A6AD2CFECC0B0030A1C1 /* SubTracker.xcdatamodeld in Resources */,
			);
			runOnlyForDeploymentPostprocessing = 0;
		};
		W1DG3T0019A2B3C4D5E6F7G8 /* Resources */ = {
			isa = PBXResourcesBuildPhase;
			buildActionMask = 2147483647;
			files = (
			);
			runOnlyForDeploymentPostprocessing = 0;
		};
/* End PBXResourcesBuildPhase section */

/* Begin PBXSourcesBuildPhase section */
		7E3B3F5F2A9A5E5A00DCCA10 /* Sources */ = {
			isa = PBXSourcesBuildPhase;
			buildActionMask = 2147483647;
			files = (
				7E3B3F5F2A9A5E5A00DCCAB1 /* SubTrackerApp.swift in Sources */,
				7E3B3F5F2A9A5E5A00DCCAB2 /* ContentView.swift in Sources */,
				34AC03BD61A7062EB58C2A67 /* AuthViewModel.swift in Sources */,
				D373E4DCEC218486C12CA3BE /* SubscriptionModels.swift in Sources */,
				FB2F480BD9E234F482A175FD /* FormattingHelpers.swift in Sources */,
				APPCONST0001A2B3C4D5E6F7 /* AppConstants.swift in Sources */,
				187A100ECBB5DA4289FFE99A /* SubscriptionRow.swift in Sources */,
				307452C6351FBC1FE98F5E65 /* NotificationScheduler.swift in Sources */,
				D65F1A031213ABB54BF1F7EF /* SubscriptionStore.swift in Sources */,
				SP0T1IGHT2D2F3G4H5I6J7K8 /* SpotlightManager.swift in Sources */,
				AF721B637A16253777EC787C /* SummaryView.swift in Sources */,
				47D4552F00FCC53CBB77BDA0 /* SubscriptionListView.swift in Sources */,
				79BCAA1C690612504BED2B9E /* SubscriptionDetailView.swift in Sources */,
				0BFB72C145A16C5B8FA4546B /* NewSubscriptionSheet.swift in Sources */,
				65A15D1896A38EFF7292795A /* SignInGateView.swift in Sources */,
				44B6C3AAB2B46FB3FAEF09CB /* SettingsView.swift in Sources */,
				1E007FC92529F48C5983C589 /* YearlyBreakdownView.swift in Sources */,
				CURR3NCY0001A2B3C4D5E6F7 /* CurrencyConverter.swift in Sources */,
				PR0MNGR0001A2B3C4D5E6F7G /* ProManager.swift in Sources */,
				ST0REMGR0001A2B3C4D5E6F7 /* StoreManager.swift in Sources */,
				CATREP0RT0001A2B3C4D5E6F /* CategoryReportsView.swift in Sources */,
				BEF6A6AB2CFECC0B0030A1C1 /* SubscriptionEntity+CoreDataClass.swift in Sources */,
				BEF6A6AC2CFECC0B0030A1C1 /* SubscriptionEntity+CoreDataProperties.swift in Sources */,
				W1DG3T0001A2B3C4D5E6F7G8 /* WidgetDataManager.swift in Sources */,
			);
			runOnlyForDeploymentPostprocessing = 0;
		};
		W1DG3T0018A2B3C4D5E6F7G8 /* Sources */ = {
			isa = PBXSourcesBuildPhase;
			buildActionMask = 2147483647;
			files = (
				W1DG3T0003A2B3C4D5E6F7G8 /* SubTrackerWidget.swift in Sources */,
				W1DG3T0005A2B3C4D5E6F7G8 /* WidgetDataManager.swift in Sources */,
			);
			runOnlyForDeploymentPostprocessing = 0;
		};
/* End PBXSourcesBuildPhase section */

/* Begin PBXTargetDependency section */
		W1DG3T0016A2B3C4D5E6F7G8 /* PBXTargetDependency */ = {
			isa = PBXTargetDependency;
			target = W1DG3T0009A2B3C4D5E6F7G8 /* SubTrackerWidgetExtension */;
			targetProxy = W1DG3T0008A2B3C4D5E6F7G8 /* PBXContainerItemProxy */;
		};
/* End PBXTargetDependency section */

/* Begin XCBuildConfiguration section */
		7E3B3F5F2A9A5E5A00DCCA14 /* Debug */ = {
			isa = XCBuildConfiguration;
			buildSettings = {
				ASSETCATALOG_COMPILER_APPICON_NAME = AppIcon;
				ASSETCATALOG_COMPILER_GLOBAL_ACCENT_COLOR_NAME = AccentColor;
				CODE_SIGN_ENTITLEMENTS = SubTracker/SubTracker.entitlements;
				CODE_SIGN_STYLE = Automatic;
				CURRENT_PROJECT_VERSION = 1;
				DEVELOPMENT_TEAM = FJKCQ5MNZ8;
				INFOPLIST_FILE = SubTracker/Info.plist;
				IPHONEOS_DEPLOYMENT_TARGET = 17.0;
				LD_RUNPATH_SEARCH_PATHS = (
					"$(inherited)",
					"@executable_path/Frameworks",
				);
				MARKETING_VERSION = 1.0;
				PRODUCT_BUNDLE_IDENTIFIER = com.enesse.SubTracker;
				PRODUCT_NAME = "$(TARGET_NAME)";
				SWIFT_EMIT_LOC_STRINGS = YES;
				SWIFT_VERSION = 5.0;
				TARGETED_DEVICE_FAMILY = 1;
			};
			name = Debug;
		};
		7E3B3F5F2A9A5E5A00DCCA15 /* Release */ = {
			isa = XCBuildConfiguration;
			buildSettings = {
				ASSETCATALOG_COMPILER_APPICON_NAME = AppIcon;
				ASSETCATALOG_COMPILER_GLOBAL_ACCENT_COLOR_NAME = AccentColor;
				CODE_SIGN_ENTITLEMENTS = SubTracker/SubTracker.entitlements;
				CODE_SIGN_STYLE = Automatic;
				CURRENT_PROJECT_VERSION = 1;
				DEVELOPMENT_TEAM = FJKCQ5MNZ8;
				INFOPLIST_FILE = SubTracker/Info.plist;
				IPHONEOS_DEPLOYMENT_TARGET = 17.0;
				LD_RUNPATH_SEARCH_PATHS = (
					"$(inherited)",
					"@executable_path/Frameworks",
				);
				MARKETING_VERSION = 1.0;
				PRODUCT_BUNDLE_IDENTIFIER = com.enesse.SubTracker;
				PRODUCT_NAME = "$(TARGET_NAME)";
				SWIFT_EMIT_LOC_STRINGS = YES;
				SWIFT_VERSION = 5.0;
				TARGETED_DEVICE_FAMILY = 1;
			};
			name = Release;
		};
		7E3B3F5F2A9A5E5A00DCCA17 /* Debug */ = {
			isa = XCBuildConfiguration;
			buildSettings = {
				ALWAYS_SEARCH_USER_PATHS = NO;
				CLANG_ANALYZER_NONNULL = YES;
				CLANG_ANALYZER_NUMBER_OBJECT_CONVERSION = YES_AGGRESSIVE;
				CLANG_CXX_LANGUAGE_STANDARD = "gnu++20";
				CLANG_ENABLE_MODULES = YES;
				CLANG_ENABLE_OBJC_ARC = YES;
				CLANG_ENABLE_OBJC_WEAK = YES;
				CLANG_WARN_BLOCK_CAPTURE_AUTORELEASING = YES;
				CLANG_WARN_BOOL_CONVERSION = YES;
				CLANG_WARN_COMMA = YES;
				CLANG_WARN_CONSTANT_CONVERSION = YES;
				CLANG_WARN_DEPRECATED_OBJC_IMPLEMENTATIONS = YES;
				CLANG_WARN_DIRECT_OBJC_ISA_USAGE = YES_ERROR;
				CLANG_WARN_DOCUMENTATION_COMMENTS = YES;
				CLANG_WARN_EMPTY_BODY = YES;
				CLANG_WARN_ENUM_CONVERSION = YES;
				CLANG_WARN_INFINITE_RECURSION = YES;
				CLANG_WARN_INT_CONVERSION = YES;
				CLANG_WARN_NON_LITERAL_NULL_CONVERSION = YES;
				CLANG_WARN_OBJC_IMPLICIT_RETAIN_SELF = YES;
				CLANG_WARN_OBJC_LITERAL_CONVERSION = YES;
				CLANG_WARN_QUOTED_INCLUDE_IN_FRAMEWORK_HEADER = YES;
				CLANG_WARN_RANGE_LOOP_ANALYSIS = YES;
				CLANG_WARN_STRICT_PROTOTYPES = YES;
				CLANG_WARN_SUSPICIOUS_MOVE = YES;
				CLANG_WARN_UNREACHABLE_CODE = YES;
				CLANG_WARN__DUPLICATE_METHOD_MATCH = YES;
				COPY_PHASE_STRIP = NO;
				DEBUG_INFORMATION_FORMAT = dwarf;
				ENABLE_STRICT_OBJC_MSGSEND = YES;
				ENABLE_TESTABILITY = YES;
				GCC_C_LANGUAGE_STANDARD = gnu17;
				GCC_DYNAMIC_NO_PIC = NO;
				GCC_NO_COMMON_BLOCKS = YES;
				GCC_OPTIMIZATION_LEVEL = 0;
				GCC_PREPROCESSOR_DEFINITIONS = (
					"DEBUG=1",
					"$(inherited)",
				);
				GCC_WARN_64_TO_32_BIT_CONVERSION = YES;
				GCC_WARN_ABOUT_RETURN_TYPE = YES_ERROR;
				GCC_WARN_UNDECLARED_SELECTOR = YES;
				GCC_WARN_UNINITIALIZED_AUTOS = YES_AGGRESSIVE;
				GCC_WARN_UNUSED_FUNCTION = YES;
				GCC_WARN_UNUSED_VARIABLE = YES;
				IPHONEOS_DEPLOYMENT_TARGET = 17.0;
				MTL_ENABLE_DEBUG_INFO = INCLUDE_SOURCE;
				ONLY_ACTIVE_ARCH = YES;
				SDKROOT = iphoneos;
				SWIFT_ACTIVE_COMPILATION_CONDITIONS = DEBUG;
				SWIFT_OPTIMIZATION_LEVEL = "-Onone";
			};
			name = Debug;
		};
		7E3B3F5F2A9A5E5A00DCCA18 /* Release */ = {
			isa = XCBuildConfiguration;
			buildSettings = {
				ALWAYS_SEARCH_USER_PATHS = NO;
				CLANG_ANALYZER_NONNULL = YES;
				CLANG_ANALYZER_NUMBER_OBJECT_CONVERSION = YES_AGGRESSIVE;
				CLANG_CXX_LANGUAGE_STANDARD = "gnu++20";
				CLANG_ENABLE_MODULES = YES;
				CLANG_ENABLE_OBJC_ARC = YES;
				CLANG_ENABLE_OBJC_WEAK = YES;
				CLANG_WARN_BLOCK_CAPTURE_AUTORELEASING = YES;
				CLANG_WARN_BOOL_CONVERSION = YES;
				CLANG_WARN_COMMA = YES;
				CLANG_WARN_CONSTANT_CONVERSION = YES;
				CLANG_WARN_DEPRECATED_OBJC_IMPLEMENTATIONS = YES;
				CLANG_WARN_DIRECT_OBJC_ISA_USAGE = YES_ERROR;
				CLANG_WARN_DOCUMENTATION_COMMENTS = YES;
				CLANG_WARN_EMPTY_BODY = YES;
				CLANG_WARN_ENUM_CONVERSION = YES;
				CLANG_WARN_INFINITE_RECURSION = YES;
				CLANG_WARN_INT_CONVERSION = YES;
				CLANG_WARN_NON_LITERAL_NULL_CONVERSION = YES;
				CLANG_WARN_OBJC_IMPLICIT_RETAIN_SELF = YES;
				CLANG_WARN_OBJC_LITERAL_CONVERSION = YES;
				CLANG_WARN_QUOTED_INCLUDE_IN_FRAMEWORK_HEADER = YES;
				CLANG_WARN_RANGE_LOOP_ANALYSIS = YES;
				CLANG_WARN_STRICT_PROTOTYPES = YES;
				CLANG_WARN_SUSPICIOUS_MOVE = YES;
				CLANG_WARN_UNREACHABLE_CODE = YES;
				CLANG_WARN__DUPLICATE_METHOD_MATCH = YES;
				COPY_PHASE_STRIP = NO;
				DEBUG_INFORMATION_FORMAT = "dwarf-with-dsym";
				ENABLE_NS_ASSERTIONS = NO;
				ENABLE_STRICT_OBJC_MSGSEND = YES;
				GCC_C_LANGUAGE_STANDARD = gnu17;
				GCC_NO_COMMON_BLOCKS = YES;
				GCC_WARN_64_TO_32_BIT_CONVERSION = YES;
				GCC_WARN_ABOUT_RETURN_TYPE = YES_ERROR;
				GCC_WARN_UNDECLARED_SELECTOR = YES;
				GCC_WARN_UNINITIALIZED_AUTOS = YES_AGGRESSIVE;
				GCC_WARN_UNUSED_FUNCTION = YES;
				GCC_WARN_UNUSED_VARIABLE = YES;
				IPHONEOS_DEPLOYMENT_TARGET = 17.0;
				MTL_ENABLE_DEBUG_INFO = NO;
				SDKROOT = iphoneos;
				SWIFT_COMPILATION_MODE = wholemodule;
				SWIFT_OPTIMIZATION_LEVEL = "-O";
				VALIDATE_PRODUCT = YES;
			};
			name = Release;
		};
		W1DG3T0020A2B3C4D5E6F7G8 /* Debug */ = {
			isa = XCBuildConfiguration;
			buildSettings = {
				ASSETCATALOG_COMPILER_GLOBAL_ACCENT_COLOR_NAME = AccentColor;
				ASSETCATALOG_COMPILER_WIDGET_BACKGROUND_COLOR_NAME = WidgetBackground;
				CODE_SIGN_ENTITLEMENTS = SubTrackerWidget/SubTrackerWidget.entitlements;
				CODE_SIGN_STYLE = Automatic;
				CURRENT_PROJECT_VERSION = 1;
				DEVELOPMENT_TEAM = FJKCQ5MNZ8;
				GENERATE_INFOPLIST_FILE = YES;
				INFOPLIST_FILE = SubTrackerWidget/Info.plist;
				INFOPLIST_KEY_CFBundleDisplayName = "SubTracker Widget";
				INFOPLIST_KEY_NSHumanReadableCopyright = "";
				IPHONEOS_DEPLOYMENT_TARGET = 17.0;
				LD_RUNPATH_SEARCH_PATHS = (
					"$(inherited)",
					"@executable_path/Frameworks",
					"@executable_path/../../Frameworks",
				);
				MARKETING_VERSION = 1.0;
				PRODUCT_BUNDLE_IDENTIFIER = com.enesse.SubTracker.SubTrackerWidget;
				PRODUCT_NAME = "$(TARGET_NAME)";
				SKIP_INSTALL = YES;
				SWIFT_EMIT_LOC_STRINGS = YES;
				SWIFT_VERSION = 5.0;
				TARGETED_DEVICE_FAMILY = 1;
			};
			name = Debug;
		};
		W1DG3T0021A2B3C4D5E6F7G8 /* Release */ = {
			isa = XCBuildConfiguration;
			buildSettings = {
				ASSETCATALOG_COMPILER_GLOBAL_ACCENT_COLOR_NAME = AccentColor;
				ASSETCATALOG_COMPILER_WIDGET_BACKGROUND_COLOR_NAME = WidgetBackground;
				CODE_SIGN_ENTITLEMENTS = SubTrackerWidget/SubTrackerWidget.entitlements;
				CODE_SIGN_STYLE = Automatic;
				CURRENT_PROJECT_VERSION = 1;
				DEVELOPMENT_TEAM = FJKCQ5MNZ8;
				GENERATE_INFOPLIST_FILE = YES;
				INFOPLIST_FILE = SubTrackerWidget/Info.plist;
				INFOPLIST_KEY_CFBundleDisplayName = "SubTracker Widget";
				INFOPLIST_KEY_NSHumanReadableCopyright = "";
				IPHONEOS_DEPLOYMENT_TARGET = 17.0;
				LD_RUNPATH_SEARCH_PATHS = (
					"$(inherited)",
					"@executable_path/Frameworks",
					"@executable_path/../../Frameworks",
				);
				MARKETING_VERSION = 1.0;
				PRODUCT_BUNDLE_IDENTIFIER = com.enesse.SubTracker.SubTrackerWidget;
				PRODUCT_NAME = "$(TARGET_NAME)";
				SKIP_INSTALL = YES;
				SWIFT_EMIT_LOC_STRINGS = YES;
				SWIFT_VERSION = 5.0;
				TARGETED_DEVICE_FAMILY = 1;
			};
			name = Release;
		};
/* End XCBuildConfiguration section */

/* Begin XCConfigurationList section */
		7E3B3F5F2A9A5E5A00DCCA16 /* Build configuration list for PBXNativeTarget "SubTracker" */ = {
			isa = XCConfigurationList;
			buildConfigurations = (
				7E3B3F5F2A9A5E5A00DCCA14 /* Debug */,
				7E3B3F5F2A9A5E5A00DCCA15 /* Release */,
			);
			defaultConfigurationIsVisible = 0;
			defaultConfigurationName = Release;
		};
		7E3B3F5F2A9A5E5A00DCCA19 /* Build configuration list for PBXProject "SubTracker" */ = {
			isa = XCConfigurationList;
			buildConfigurations = (
				7E3B3F5F2A9A5E5A00DCCA17 /* Debug */,
				7E3B3F5F2A9A5E5A00DCCA18 /* Release */,
			);
			defaultConfigurationIsVisible = 0;
			defaultConfigurationName = Release;
		};
		W1DG3T0017A2B3C4D5E6F7G8 /* Build configuration list for PBXNativeTarget "SubTrackerWidgetExtension" */ = {
			isa = XCConfigurationList;
			buildConfigurations = (
				W1DG3T0020A2B3C4D5E6F7G8 /* Debug */,
				W1DG3T0021A2B3C4D5E6F7G8 /* Release */,
			);
			defaultConfigurationIsVisible = 0;
			defaultConfigurationName = Release;
		};
/* End XCConfigurationList section */
	};
	rootObject = 7E3B3F5F2A9A5E5A00DCCA00 /* Project object */;
}
