// !$*UTF8*$!
{
	archiveVersion = 1;
	classes = {
	};
	objectVersion = 56;
	objects = {

/* Begin PBXBuildFile section */
		7E3B3F5F2A9A5E5A00DCCAB1 /* SubTrackerApp.swift in Sources */ = {isa = PBXBuildFile; fileRef = 7E3B3F5F2A9A5E5A00DCCA09 /* SubTrackerApp.swift */; };
		7E3B3F5F2A9A5E5A00DCCAB2 /* ContentView.swift in Sources */ = {isa = PBXBuildFile; fileRef = 7E3B3F5F2A9A5E5A00DCCA08 /* ContentView.swift */; };
		7E3B3F5F2A9A5E5A00DCCAB3 /* Assets.xcassets in Resources */ = {isa = PBXBuildFile; fileRef = 7E3B3F5F2A9A5E5A00DCCA04 /* Assets.xcassets */; };
		7E3B3F5F2A9A5E5A00DCCAB4 /* Preview Assets.xcassets in Resources */ = {isa = PBXBuildFile; fileRef = 7E3B3F5F2A9A5E5A00DCCA0A /* Preview Assets.xcassets */; };
/* End PBXBuildFile section */

/* Begin PBXFileReference section */
		7E3B3F5F2A9A5E5A00DCCA20 /* SubTracker.app */ = {isa = PBXFileReference; explicitFileType = wrapper.application; includeInIndex = 0; path = SubTracker.app; sourceTree = BUILT_PRODUCTS_DIR; };
		7E3B3F5F2A9A5E5A00DCCA04 /* Assets.xcassets */ = {isa = PBXFileReference; lastKnownFileType = folder.assetcatalog; path = Assets.xcassets; sourceTree = "<group>"; };
		7E3B3F5F2A9A5E5A00DCCA06 /* Info.plist */ = {isa = PBXFileReference; lastKnownFileType = text.plist.xml; path = Info.plist; sourceTree = "<group>"; };
		7E3B3F5F2A9A5E5A00DCCA08 /* ContentView.swift */ = {isa = PBXFileReference; lastKnownFileType = sourcecode.swift; path = ContentView.swift; sourceTree = "<group>"; };
		7E3B3F5F2A9A5E5A00DCCA09 /* SubTrackerApp.swift */ = {isa = PBXFileReference; lastKnownFileType = sourcecode.swift; path = SubTrackerApp.swift; sourceTree = "<group>"; };
		7E3B3F5F2A9A5E5A00DCCA0A /* Preview Assets.xcassets */ = {isa = PBXFileReference; lastKnownFileType = folder.assetcatalog; path = "Preview Assets.xcassets"; sourceTree = "<group>"; };
/* End PBXFileReference section */

/* Begin PBXFrameworksBuildPhase section */
		7E3B3F5F2A9A5E5A00DCCA11 /* Frameworks */ = {
			isa = PBXFrameworksBuildPhase;
			buildActionMask = 2147483647;
			files = (
			);
			runOnlyForDeploymentPostprocessing = 0;
		};
/* End PBXFrameworksBuildPhase section */

/* Begin PBXGroup section */
		7E3B3F5F2A9A5E5A00DCCA01 = {
			isa = PBXGroup;
			children = (
				7E3B3F5F2A9A5E5A00DCCA03 /* SubTracker */,
				7E3B3F5F2A9A5E5A00DCCA02 /* Products */,
			);
			sourceTree = "<group>";
		};
		7E3B3F5F2A9A5E5A00DCCA02 /* Products */ = {
			isa = PBXGroup;
			children = (
				7E3B3F5F2A9A5E5A00DCCA20 /* SubTracker.app */,
			);
			name = Products;
			sourceTree = "<group>";
		};
		7E3B3F5F2A9A5E5A00DCCA03 /* SubTracker */ = {
			isa = PBXGroup;
			children = (
				7E3B3F5F2A9A5E5A00DCCA09 /* SubTrackerApp.swift */,
				7E3B3F5F2A9A5E5A00DCCA08 /* ContentView.swift */,
				7E3B3F5F2A9A5E5A00DCCA04 /* Assets.xcassets */,
				7E3B3F5F2A9A5E5A00DCCA0B /* Preview Content */,
				7E3B3F5F2A9A5E5A00DCCA06 /* Info.plist */,
			);
			path = SubTracker;
			sourceTree = "<group>";
		};
		7E3B3F5F2A9A5E5A00DCCA0B /* Preview Content */ = {
			isa = PBXGroup;
			children = (
				7E3B3F5F2A9A5E5A00DCCA0A /* Preview Assets.xcassets */,
			);
			path = "Preview Content";
			sourceTree = "<group>";
		};
/* End PBXGroup section */

/* Begin PBXNativeTarget section */
		7E3B3F5F2A9A5E5A00DCCA13 /* SubTracker */ = {
			isa = PBXNativeTarget;
			buildConfigurationList = 7E3B3F5F2A9A5E5A00DCCA16 /* Build configuration list for PBXNativeTarget "SubTracker" */;
			buildPhases = (
				7E3B3F5F2A9A5E5A00DCCA10 /* Sources */,
				7E3B3F5F2A9A5E5A00DCCA11 /* Frameworks */,
				7E3B3F5F2A9A5E5A00DCCA12 /* Resources */,
			);
			buildRules = (
			);
			dependencies = (
			);
			name = SubTracker;
			productName = SubTracker;
			productReference = 7E3B3F5F2A9A5E5A00DCCA20 /* SubTracker.app */;
			productType = "com.apple.product-type.application";
		};
/* End PBXNativeTarget section */

/* Begin PBXProject section */
		7E3B3F5F2A9A5E5A00DCCA00 /* Project object */ = {
			isa = PBXProject;
			attributes = {
				BuildIndependentTargetsInParallel = YES;
				LastSwiftUpdateCheck = 1500;
				LastUpgradeCheck = 1500;
				TargetAttributes = {
					7E3B3F5F2A9A5E5A00DCCA13 = {
						ProvisioningStyle = Automatic;
					};
				};
			};
			buildConfigurationList = 7E3B3F5F2A9A5E5A00DCCA19 /* Build configuration list for PBXProject "SubTracker" */;
			compatibilityVersion = "Xcode 14.0";
			developmentRegion = en;
			hasScannedForEncodings = 0;
			knownRegions = (
				en,
				Base,
			);
			mainGroup = 7E3B3F5F2A9A5E5A00DCCA01;
			productRefGroup = 7E3B3F5F2A9A5E5A00DCCA02 /* Products */;
			projectDirPath = "";
			projectRoot = "";
			targets = (
				7E3B3F5F2A9A5E5A00DCCA13 /* SubTracker */,
			);
		};
/* End PBXProject section */

/* Begin PBXResourcesBuildPhase section */
		7E3B3F5F2A9A5E5A00DCCA12 /* Resources */ = {
			isa = PBXResourcesBuildPhase;
			buildActionMask = 2147483647;
			files = (
				7E3B3F5F2A9A5E5A00DCCAB3 /* Assets.xcassets in Resources */,
				7E3B3F5F2A9A5E5A00DCCAB4 /* Preview Assets.xcassets in Resources */,
			);
			runOnlyForDeploymentPostprocessing = 0;
		};
/* End PBXResourcesBuildPhase section */

/* Begin PBXSourcesBuildPhase section */
		7E3B3F5F2A9A5E5A00DCCA10 /* Sources */ = {
			isa = PBXSourcesBuildPhase;
			buildActionMask = 2147483647;
			files = (
				7E3B3F5F2A9A5E5A00DCCAB1 /* SubTrackerApp.swift in Sources */,
				7E3B3F5F2A9A5E5A00DCCAB2 /* ContentView.swift in Sources */,
			);
			runOnlyForDeploymentPostprocessing = 0;
		};
/* End PBXSourcesBuildPhase section */

/* Begin XCBuildConfiguration section */
		7E3B3F5F2A9A5E5A00DCCA14 /* Debug */ = {
			isa = XCBuildConfiguration;
			buildSettings = {
				ASSETCATALOG_COMPILER_APPICON_NAME = AppIcon;
				ASSETCATALOG_COMPILER_GLOBAL_ACCENT_COLOR_NAME = AccentColor;
				CODE_SIGN_STYLE = Automatic;
				CURRENT_PROJECT_VERSION = 1;
				DEVELOPMENT_TEAM = "";
				INFOPLIST_FILE = SubTracker/Info.plist;
				IPHONEOS_DEPLOYMENT_TARGET = 17.0;
				LD_RUNPATH_SEARCH_PATHS = (
					"$(inherited)",
					"@executable_path/Frameworks",
				);
				MARKETING_VERSION = 1.0;
				PRODUCT_BUNDLE_IDENTIFIER = com.enesse.SubTracker;
				PRODUCT_NAME = "$(TARGET_NAME)";
				SWIFT_EMIT_LOC_STRINGS = YES;
				SWIFT_VERSION = 5.0;
				TARGETED_DEVICE_FAMILY = "1,2";
			};
			name = Debug;
		};
		7E3B3F5F2A9A5E5A00DCCA15 /* Release */ = {
			isa = XCBuildConfiguration;
			buildSettings = {
				ASSETCATALOG_COMPILER_APPICON_NAME = AppIcon;
				ASSETCATALOG_COMPILER_GLOBAL_ACCENT_COLOR_NAME = AccentColor;
				CODE_SIGN_STYLE = Automatic;
				CURRENT_PROJECT_VERSION = 1;
				DEVELOPMENT_TEAM = "";
				INFOPLIST_FILE = SubTracker/Info.plist;
				IPHONEOS_DEPLOYMENT_TARGET = 17.0;
				LD_RUNPATH_SEARCH_PATHS = (
					"$(inherited)",
					"@executable_path/Frameworks",
				);
				MARKETING_VERSION = 1.0;
				PRODUCT_BUNDLE_IDENTIFIER = com.enesse.SubTracker;
				PRODUCT_NAME = "$(TARGET_NAME)";
				SWIFT_EMIT_LOC_STRINGS = YES;
				SWIFT_VERSION = 5.0;
				TARGETED_DEVICE_FAMILY = "1,2";
			};
			name = Release;
		};
		7E3B3F5F2A9A5E5A00DCCA17 /* Debug */ = {
			isa = XCBuildConfiguration;
			buildSettings = {
				ALWAYS_SEARCH_USER_PATHS = NO;
				CLANG_ANALYZER_NONNULL = YES;
				CLANG_ANALYZER_NUMBER_OBJECT_CONVERSION = YES_AGGRESSIVE;
				CLANG_CXX_LANGUAGE_STANDARD = "gnu++20";
				CLANG_ENABLE_MODULES = YES;
				CLANG_ENABLE_OBJC_ARC = YES;
				CLANG_ENABLE_OBJC_WEAK = YES;
				CLANG_WARN_BLOCK_CAPTURE_AUTORELEASING = YES;
				CLANG_WARN_BOOL_CONVERSION = YES;
				CLANG_WARN_COMMA = YES;
				CLANG_WARN_CONSTANT_CONVERSION = YES;
				CLANG_WARN_DEPRECATED_OBJC_IMPLEMENTATIONS = YES;
				CLANG_WARN_DIRECT_OBJC_ISA_USAGE = YES_ERROR;
				CLANG_WARN_DOCUMENTATION_COMMENTS = YES;
				CLANG_WARN_EMPTY_BODY = YES;
				CLANG_WARN_ENUM_CONVERSION = YES;
				CLANG_WARN_INFINITE_RECURSION = YES;
				CLANG_WARN_INT_CONVERSION = YES;
				CLANG_WARN_NON_LITERAL_NULL_CONVERSION = YES;
				CLANG_WARN_OBJC_IMPLICIT_RETAIN_SELF = YES;
				CLANG_WARN_OBJC_LITERAL_CONVERSION = YES;
				CLANG_WARN_QUOTED_INCLUDE_IN_FRAMEWORK_HEADER = YES;
				CLANG_WARN_RANGE_LOOP_ANALYSIS = YES;
				CLANG_WARN_STRICT_PROTOTYPES = YES;
				CLANG_WARN_SUSPICIOUS_MOVE = YES;
				CLANG_WARN_UNREACHABLE_CODE = YES;
				CLANG_WARN__DUPLICATE_METHOD_MATCH = YES;
				COPY_PHASE_STRIP = NO;
				DEBUG_INFORMATION_FORMAT = dwarf;
				ENABLE_STRICT_OBJC_MSGSEND = YES;
				ENABLE_TESTABILITY = YES;
				GCC_C_LANGUAGE_STANDARD = gnu17;
				GCC_DYNAMIC_NO_PIC = NO;
				GCC_NO_COMMON_BLOCKS = YES;
				GCC_OPTIMIZATION_LEVEL = 0;
				GCC_PREPROCESSOR_DEFINITIONS = (
					"DEBUG=1",
					"$(inherited)",
				);
				GCC_WARN_64_TO_32_BIT_CONVERSION = YES;
				GCC_WARN_ABOUT_RETURN_TYPE = YES_ERROR;
				GCC_WARN_UNDECLARED_SELECTOR = YES;
				GCC_WARN_UNINITIALIZED_AUTOS = YES_AGGRESSIVE;
				GCC_WARN_UNUSED_FUNCTION = YES;
				GCC_WARN_UNUSED_VARIABLE = YES;
				IPHONEOS_DEPLOYMENT_TARGET = 17.0;
				MTL_ENABLE_DEBUG_INFO = INCLUDE_SOURCE;
				ONLY_ACTIVE_ARCH = YES;
				SDKROOT = iphoneos;
				SWIFT_ACTIVE_COMPILATION_CONDITIONS = DEBUG;
				SWIFT_OPTIMIZATION_LEVEL = "-Onone";
			};
			name = Debug;
		};
		7E3B3F5F2A9A5E5A00DCCA18 /* Release */ = {
			isa = XCBuildConfiguration;
			buildSettings = {
				ALWAYS_SEARCH_USER_PATHS = NO;
				CLANG_ANALYZER_NONNULL = YES;
				CLANG_ANALYZER_NUMBER_OBJECT_CONVERSION = YES_AGGRESSIVE;
				CLANG_CXX_LANGUAGE_STANDARD = "gnu++20";
				CLANG_ENABLE_MODULES = YES;
				CLANG_ENABLE_OBJC_ARC = YES;
				CLANG_ENABLE_OBJC_WEAK = YES;
				CLANG_WARN_BLOCK_CAPTURE_AUTORELEASING = YES;
				CLANG_WARN_BOOL_CONVERSION = YES;
				CLANG_WARN_COMMA = YES;
				CLANG_WARN_CONSTANT_CONVERSION = YES;
				CLANG_WARN_DEPRECATED_OBJC_IMPLEMENTATIONS = YES;
				CLANG_WARN_DIRECT_OBJC_ISA_USAGE = YES_ERROR;
				CLANG_WARN_DOCUMENTATION_COMMENTS = YES;
				CLANG_WARN_EMPTY_BODY = YES;
				CLANG_WARN_ENUM_CONVERSION = YES;
				CLANG_WARN_INFINITE_RECURSION = YES;
				CLANG_WARN_INT_CONVERSION = YES;
				CLANG_WARN_NON_LITERAL_NULL_CONVERSION = YES;
				CLANG_WARN_OBJC_IMPLICIT_RETAIN_SELF = YES;
				CLANG_WARN_OBJC_LITERAL_CONVERSION = YES;
				CLANG_WARN_QUOTED_INCLUDE_IN_FRAMEWORK_HEADER = YES;
				CLANG_WARN_RANGE_LOOP_ANALYSIS = YES;
				CLANG_WARN_STRICT_PROTOTYPES = YES;
				CLANG_WARN_SUSPICIOUS_MOVE = YES;
				CLANG_WARN_UNREACHABLE_CODE = YES;
				CLANG_WARN__DUPLICATE_METHOD_MATCH = YES;
				COPY_PHASE_STRIP = NO;
				DEBUG_INFORMATION_FORMAT = "dwarf-with-dsym";
				ENABLE_NS_ASSERTIONS = NO;
				ENABLE_STRICT_OBJC_MSGSEND = YES;
				GCC_C_LANGUAGE_STANDARD = gnu17;
				GCC_NO_COMMON_BLOCKS = YES;
				GCC_WARN_64_TO_32_BIT_CONVERSION = YES;
				GCC_WARN_ABOUT_RETURN_TYPE = YES_ERROR;
				GCC_WARN_UNDECLARED_SELECTOR = YES;
				GCC_WARN_UNINITIALIZED_AUTOS = YES_AGGRESSIVE;
				GCC_WARN_UNUSED_FUNCTION = YES;
				GCC_WARN_UNUSED_VARIABLE = YES;
				IPHONEOS_DEPLOYMENT_TARGET = 17.0;
				MTL_ENABLE_DEBUG_INFO = NO;
				SDKROOT = iphoneos;
				SWIFT_COMPILATION_MODE = wholemodule;
				SWIFT_OPTIMIZATION_LEVEL = "-O";
				VALIDATE_PRODUCT = YES;
			};
			name = Release;
		};
/* End XCBuildConfiguration section */

/* Begin XCConfigurationList section */
		7E3B3F5F2A9A5E5A00DCCA16 /* Build configuration list for PBXNativeTarget "SubTracker" */ = {
			isa = XCConfigurationList;
			buildConfigurations = (
				7E3B3F5F2A9A5E5A00DCCA14 /* Debug */,
				7E3B3F5F2A9A5E5A00DCCA15 /* Release */,
			);
			defaultConfigurationIsVisible = 0;
			defaultConfigurationName = Release;
		};
		7E3B3F5F2A9A5E5A00DCCA19 /* Build configuration list for PBXProject "SubTracker" */ = {
			isa = XCConfigurationList;
			buildConfigurations = (
				7E3B3F5F2A9A5E5A00DCCA17 /* Debug */,
				7E3B3F5F2A9A5E5A00DCCA18 /* Release */,
			);
			defaultConfigurationIsVisible = 0;
			defaultConfigurationName = Release;
		};
/* End XCConfigurationList section */
	};
	rootObject = 7E3B3F5F2A9A5E5A00DCCA00 /* Project object */;
}
